
Microsoft Visual Studio Solution File, Format Version 12.00
# Visual Studio Version 17
VisualStudioVersion = 17.6.33815.320
MinimumVisualStudioVersion = 10.0.40219.1
Project("{FAE04EC0-301F-11D3-BF4B-00C04F79EFBC}") = "Hajos teszt", "Hajos teszt\Hajos teszt.csproj", "{AEA0F4C0-CAF7-42AA-8847-E696E0193E94}"
EndProject
Global
	GlobalSection(SolutionConfigurationPlatforms) = preSolution
		Debug|Any CPU = Debug|Any CPU
		Release|Any CPU = Release|Any CPU
	EndGlobalSection
	GlobalSection(ProjectConfigurationPlatforms) = postSolution
		{AEA0F4C0-CAF7-42AA-8847-E696E0193E94}.Debug|Any CPU.ActiveCfg = Debug|Any CPU
		{AEA0F4C0-CAF7-42AA-8847-E696E0193E94}.Debug|Any CPU.Build.0 = Debug|Any CPU
		{AEA0F4C0-CAF7-42AA-8847-E696E0193E94}.Release|Any CPU.ActiveCfg = Release|Any CPU
		{AEA0F4C0-CAF7-42AA-8847-E696E0193E94}.Release|Any CPU.Build.0 = Release|Any CPU
	EndGlobalSection
	GlobalSection(SolutionProperties) = preSolution
		HideSolutionNode = FALSE
	EndGlobalSection
	GlobalSection(ExtensibilityGlobals) = postSolution
		SolutionGuid = {AEAAE80B-573D-4971-9388-C341EFFFD1D0}
	EndGlobalSection
EndGlobal
